
Microsoft Visual Studio Solution File, Format Version 12.00
# Visual Studio 15
VisualStudioVersion = 15.0.28307.705
MinimumVisualStudioVersion = 10.0.40219.1
Project("{FAE04EC0-301F-11D3-BF4B-00C04F79EFBC}") = "TrackingApp", "TrackingApp\TrackingApp.csproj", "{8AA09E2D-3BA1-491F-ACCC-64B39BBF3093}"
EndProject
Global
	GlobalSection(SolutionConfigurationPlatforms) = preSolution
		Debug|Any CPU = Debug|Any CPU
		Release|Any CPU = Release|Any CPU
	EndGlobalSection
	GlobalSection(ProjectConfigurationPlatforms) = postSolution
		{8AA09E2D-3BA1-491F-ACCC-64B39BBF3093}.Debug|Any CPU.ActiveCfg = Debug|Any CPU
		{8AA09E2D-3BA1-491F-ACCC-64B39BBF3093}.Debug|Any CPU.Build.0 = Debug|Any CPU
		{8AA09E2D-3BA1-491F-ACCC-64B39BBF3093}.Release|Any CPU.ActiveCfg = Release|Any CPU
		{8AA09E2D-3BA1-491F-ACCC-64B39BBF3093}.Release|Any CPU.Build.0 = Release|Any CPU
	EndGlobalSection
	GlobalSection(SolutionProperties) = preSolution
		HideSolutionNode = FALSE
	EndGlobalSection
	GlobalSection(ExtensibilityGlobals) = postSolution
		SolutionGuid = {914013F4-7BFD-488F-A4E7-EC7EC8243D92}
	EndGlobalSection
EndGlobal
